// !$*UTF8*$!
{
	archiveVersion = 1;
	classes = {
	};
	objectVersion = 46;
	objects = {

/* Begin PBXBuildFile section */
		1F1EFFC51BD52F2600D69B0A /* VenueAddress+CoreDataProperties.swift in Sources */ = {isa = PBXBuildFile; fileRef = 1F1EFFC21BD52F2600D69B0A /* VenueAddress+CoreDataProperties.swift */; settings = {ASSET_TAGS = (); }; };
		1F1EFFC61BD52F2600D69B0A /* Venue+CoreDataProperties.swift in Sources */ = {isa = PBXBuildFile; fileRef = 1F1EFFC31BD52F2600D69B0A /* Venue+CoreDataProperties.swift */; settings = {ASSET_TAGS = (); }; };
		1F1EFFC71BD52F2600D69B0A /* VenueCollection+CoreDataProperties.swift in Sources */ = {isa = PBXBuildFile; fileRef = 1F1EFFC41BD52F2600D69B0A /* VenueCollection+CoreDataProperties.swift */; settings = {ASSET_TAGS = (); }; };
		1F1EFFC91BD5399000D69B0A /* CollectionTableViewCell.swift in Sources */ = {isa = PBXBuildFile; fileRef = 1F1EFFC81BD5399000D69B0A /* CollectionTableViewCell.swift */; settings = {ASSET_TAGS = (); }; };
		1F1EFFCB1BD559BB00D69B0A /* NearbyViewController.swift in Sources */ = {isa = PBXBuildFile; fileRef = 1F1EFFCA1BD559BB00D69B0A /* NearbyViewController.swift */; settings = {ASSET_TAGS = (); }; };
		1F3D018D1B17613E00E9B59E /* AppDelegate.swift in Sources */ = {isa = PBXBuildFile; fileRef = 1F3D018C1B17613E00E9B59E /* AppDelegate.swift */; };
		1F3D01921B17613E00E9B59E /* Main.storyboard in Resources */ = {isa = PBXBuildFile; fileRef = 1F3D01901B17613E00E9B59E /* Main.storyboard */; };
		1F3D01941B17613E00E9B59E /* Images.xcassets in Resources */ = {isa = PBXBuildFile; fileRef = 1F3D01931B17613E00E9B59E /* Images.xcassets */; };
		1F3D01971B17613E00E9B59E /* LaunchScreen.xib in Resources */ = {isa = PBXBuildFile; fileRef = 1F3D01951B17613E00E9B59E /* LaunchScreen.xib */; };
		1F447AF61B4C195500DD15B7 /* LocationManager.swift in Sources */ = {isa = PBXBuildFile; fileRef = 1F447AF51B4C195500DD15B7 /* LocationManager.swift */; };
		1F447AF81B4C4A7500DD15B7 /* MapKit.framework in Frameworks */ = {isa = PBXBuildFile; fileRef = 1F447AF71B4C4A7500DD15B7 /* MapKit.framework */; };
		1F447B041B4CA0DA00DD15B7 /* VenueDetailCell.swift in Sources */ = {isa = PBXBuildFile; fileRef = 1F447B031B4CA0DA00DD15B7 /* VenueDetailCell.swift */; };
		1F5FC1651B2CA0070055D7C1 /* VenueCollectionViewController.swift in Sources */ = {isa = PBXBuildFile; fileRef = 1F5FC1641B2CA0070055D7C1 /* VenueCollectionViewController.swift */; };
		1F5FC1671B2CA3220055D7C1 /* AddVenueViewController.swift in Sources */ = {isa = PBXBuildFile; fileRef = 1F5FC1661B2CA3220055D7C1 /* AddVenueViewController.swift */; };
		1F5FC1691B2CA5260055D7C1 /* VenueCell.swift in Sources */ = {isa = PBXBuildFile; fileRef = 1F5FC1681B2CA5260055D7C1 /* VenueCell.swift */; };
		1FB0849A1B29FB4A00E6EE94 /* Crashlytics.framework in Frameworks */ = {isa = PBXBuildFile; fileRef = 1FB084981B29FB4A00E6EE94 /* Crashlytics.framework */; };
		1FB0849B1B29FB4A00E6EE94 /* Fabric.framework in Frameworks */ = {isa = PBXBuildFile; fileRef = 1FB084991B29FB4A00E6EE94 /* Fabric.framework */; };
		1FB0849D1B29FCA800E6EE94 /* CoreData.framework in Frameworks */ = {isa = PBXBuildFile; fileRef = 1FB0849C1B29FCA800E6EE94 /* CoreData.framework */; };
		1FB0849F1B29FDB700E6EE94 /* NewVenueCollectionViewController.swift in Sources */ = {isa = PBXBuildFile; fileRef = 1FB0849E1B29FDB700E6EE94 /* NewVenueCollectionViewController.swift */; };
		1FB084A21B2A04E300E6EE94 /* VenueSearchAPI.swift in Sources */ = {isa = PBXBuildFile; fileRef = 1FB084A11B2A04E300E6EE94 /* VenueSearchAPI.swift */; };
		1FB084A81B2A35FA00E6EE94 /* IconCollectionViewCell.swift in Sources */ = {isa = PBXBuildFile; fileRef = 1FB084A71B2A35FA00E6EE94 /* IconCollectionViewCell.swift */; };
		1FD2F7611B44177900BEC263 /* PersistenceController.swift in Sources */ = {isa = PBXBuildFile; fileRef = 1FD2F7601B44177900BEC263 /* PersistenceController.swift */; };
		1FD2F7A01B4B063D00BEC263 /* FSVenue.swift in Sources */ = {isa = PBXBuildFile; fileRef = 1FD2F79F1B4B063D00BEC263 /* FSVenue.swift */; };
		1FD2F7A21B4B1E9600BEC263 /* VenueViewController.swift in Sources */ = {isa = PBXBuildFile; fileRef = 1FD2F7A11B4B1E9600BEC263 /* VenueViewController.swift */; };
		1FD2F7A41B4BFA3900BEC263 /* CoreLocation.framework in Frameworks */ = {isa = PBXBuildFile; fileRef = 1FD2F7A31B4BFA3900BEC263 /* CoreLocation.framework */; };
		1FD390571BD56BC400F9D604 /* VenueMapAnnotation.swift in Sources */ = {isa = PBXBuildFile; fileRef = 1FD390561BD56BC400F9D604 /* VenueMapAnnotation.swift */; settings = {ASSET_TAGS = (); }; };
		1FD498A11B176C1600460D52 /* RootViewController.swift in Sources */ = {isa = PBXBuildFile; fileRef = 1FD498A01B176C1600460D52 /* RootViewController.swift */; };
		1FD498A51B17741300460D52 /* DataModel.xcdatamodeld in Sources */ = {isa = PBXBuildFile; fileRef = 1FD498A31B17741300460D52 /* DataModel.xcdatamodeld */; };
		1FD6D7D51BD67FE1001D8AEF /* PKHUD in Resources */ = {isa = PBXBuildFile; fileRef = 1FD6D7D41BD67FE1001D8AEF /* PKHUD */; settings = {ASSET_TAGS = (); }; };
		1FD6D7D71BD680F6001D8AEF /* PKHUD in Sources */ = {isa = PBXBuildFile; fileRef = 1FD6D7D41BD67FE1001D8AEF /* PKHUD */; };
/* End PBXBuildFile section */

/* Begin PBXContainerItemProxy section */
		1F3D019D1B17613E00E9B59E /* PBXContainerItemProxy */ = {
			isa = PBXContainerItemProxy;
			containerPortal = 1F3D017F1B17613E00E9B59E /* Project object */;
			proxyType = 1;
			remoteGlobalIDString = 1F3D01861B17613E00E9B59E;
			remoteInfo = Eateries;
		};
/* End PBXContainerItemProxy section */

/* Begin PBXFileReference section */
		1F1EFFC21BD52F2600D69B0A /* VenueAddress+CoreDataProperties.swift */ = {isa = PBXFileReference; fileEncoding = 4; lastKnownFileType = sourcecode.swift; name = "VenueAddress+CoreDataProperties.swift"; path = "Data Model/VenueAddress+CoreDataProperties.swift"; sourceTree = "<group>"; };
		1F1EFFC31BD52F2600D69B0A /* Venue+CoreDataProperties.swift */ = {isa = PBXFileReference; fileEncoding = 4; lastKnownFileType = sourcecode.swift; name = "Venue+CoreDataProperties.swift"; path = "Data Model/Venue+CoreDataProperties.swift"; sourceTree = "<group>"; };
		1F1EFFC41BD52F2600D69B0A /* VenueCollection+CoreDataProperties.swift */ = {isa = PBXFileReference; fileEncoding = 4; lastKnownFileType = sourcecode.swift; name = "VenueCollection+CoreDataProperties.swift"; path = "Data Model/VenueCollection+CoreDataProperties.swift"; sourceTree = "<group>"; };
		1F1EFFC81BD5399000D69B0A /* CollectionTableViewCell.swift */ = {isa = PBXFileReference; fileEncoding = 4; lastKnownFileType = sourcecode.swift; name = CollectionTableViewCell.swift; path = "View Controllers/Custom Views/Cells/CollectionTableViewCell.swift"; sourceTree = "<group>"; };
		1F1EFFCA1BD559BB00D69B0A /* NearbyViewController.swift */ = {isa = PBXFileReference; fileEncoding = 4; lastKnownFileType = sourcecode.swift; name = NearbyViewController.swift; path = "View Controllers/NearbyViewController.swift"; sourceTree = "<group>"; };
		1F3D01871B17613E00E9B59E /* Eateries.app */ = {isa = PBXFileReference; explicitFileType = wrapper.application; includeInIndex = 0; path = Eateries.app; sourceTree = BUILT_PRODUCTS_DIR; };
		1F3D018B1B17613E00E9B59E /* Info.plist */ = {isa = PBXFileReference; lastKnownFileType = text.plist.xml; path = Info.plist; sourceTree = "<group>"; };
		1F3D018C1B17613E00E9B59E /* AppDelegate.swift */ = {isa = PBXFileReference; lastKnownFileType = sourcecode.swift; path = AppDelegate.swift; sourceTree = "<group>"; };
		1F3D01911B17613E00E9B59E /* Base */ = {isa = PBXFileReference; lastKnownFileType = file.storyboard; name = Base; path = Base.lproj/Main.storyboard; sourceTree = "<group>"; };
		1F3D01931B17613E00E9B59E /* Images.xcassets */ = {isa = PBXFileReference; lastKnownFileType = folder.assetcatalog; path = Images.xcassets; sourceTree = "<group>"; };
		1F3D01961B17613E00E9B59E /* Base */ = {isa = PBXFileReference; lastKnownFileType = file.xib; name = Base; path = Base.lproj/LaunchScreen.xib; sourceTree = "<group>"; };
		1F3D019C1B17613E00E9B59E /* EateriesTests.xctest */ = {isa = PBXFileReference; explicitFileType = wrapper.cfbundle; includeInIndex = 0; path = EateriesTests.xctest; sourceTree = BUILT_PRODUCTS_DIR; };
		1F447AF51B4C195500DD15B7 /* LocationManager.swift */ = {isa = PBXFileReference; fileEncoding = 4; lastKnownFileType = sourcecode.swift; name = LocationManager.swift; path = Location/LocationManager.swift; sourceTree = "<group>"; };
		1F447AF71B4C4A7500DD15B7 /* MapKit.framework */ = {isa = PBXFileReference; lastKnownFileType = wrapper.framework; name = MapKit.framework; path = System/Library/Frameworks/MapKit.framework; sourceTree = SDKROOT; };
		1F447B031B4CA0DA00DD15B7 /* VenueDetailCell.swift */ = {isa = PBXFileReference; fileEncoding = 4; lastKnownFileType = sourcecode.swift; name = VenueDetailCell.swift; path = "View Controllers/Custom Views/Cells/VenueDetailCell.swift"; sourceTree = "<group>"; };
		1F5FC1641B2CA0070055D7C1 /* VenueCollectionViewController.swift */ = {isa = PBXFileReference; fileEncoding = 4; lastKnownFileType = sourcecode.swift; name = VenueCollectionViewController.swift; path = "View Controllers/VenueCollectionViewController.swift"; sourceTree = "<group>"; };
		1F5FC1661B2CA3220055D7C1 /* AddVenueViewController.swift */ = {isa = PBXFileReference; fileEncoding = 4; lastKnownFileType = sourcecode.swift; name = AddVenueViewController.swift; path = "View Controllers/AddVenueViewController.swift"; sourceTree = "<group>"; };
		1F5FC1681B2CA5260055D7C1 /* VenueCell.swift */ = {isa = PBXFileReference; fileEncoding = 4; lastKnownFileType = sourcecode.swift; name = VenueCell.swift; path = "View Controllers/Custom Views/Cells/VenueCell.swift"; sourceTree = "<group>"; };
		1FB084981B29FB4A00E6EE94 /* Crashlytics.framework */ = {isa = PBXFileReference; lastKnownFileType = wrapper.framework; name = Crashlytics.framework; path = Eateries/Frameworks/Crashlytics.framework; sourceTree = "<group>"; };
		1FB084991B29FB4A00E6EE94 /* Fabric.framework */ = {isa = PBXFileReference; lastKnownFileType = wrapper.framework; name = Fabric.framework; path = Eateries/Frameworks/Fabric.framework; sourceTree = "<group>"; };
		1FB0849C1B29FCA800E6EE94 /* CoreData.framework */ = {isa = PBXFileReference; lastKnownFileType = wrapper.framework; name = CoreData.framework; path = System/Library/Frameworks/CoreData.framework; sourceTree = SDKROOT; };
		1FB0849E1B29FDB700E6EE94 /* NewVenueCollectionViewController.swift */ = {isa = PBXFileReference; fileEncoding = 4; lastKnownFileType = sourcecode.swift; name = NewVenueCollectionViewController.swift; path = "View Controllers/NewVenueCollectionViewController.swift"; sourceTree = "<group>"; };
		1FB084A11B2A04E300E6EE94 /* VenueSearchAPI.swift */ = {isa = PBXFileReference; fileEncoding = 4; lastKnownFileType = sourcecode.swift; name = VenueSearchAPI.swift; path = "Search API/VenueSearchAPI.swift"; sourceTree = "<group>"; };
		1FB084A71B2A35FA00E6EE94 /* IconCollectionViewCell.swift */ = {isa = PBXFileReference; fileEncoding = 4; lastKnownFileType = sourcecode.swift; name = IconCollectionViewCell.swift; path = "View Controllers/Custom Views/Cells/IconCollectionViewCell.swift"; sourceTree = "<group>"; };
		1FD2F7601B44177900BEC263 /* PersistenceController.swift */ = {isa = PBXFileReference; fileEncoding = 4; lastKnownFileType = sourcecode.swift; name = PersistenceController.swift; path = "Data Model/PersistenceController.swift"; sourceTree = "<group>"; };
		1FD2F79F1B4B063D00BEC263 /* FSVenue.swift */ = {isa = PBXFileReference; fileEncoding = 4; lastKnownFileType = sourcecode.swift; name = FSVenue.swift; path = "Data Model/Non-CoreData Objects/FSVenue.swift"; sourceTree = "<group>"; };
		1FD2F7A11B4B1E9600BEC263 /* VenueViewController.swift */ = {isa = PBXFileReference; fileEncoding = 4; lastKnownFileType = sourcecode.swift; name = VenueViewController.swift; path = "View Controllers/VenueViewController.swift"; sourceTree = "<group>"; };
		1FD2F7A31B4BFA3900BEC263 /* CoreLocation.framework */ = {isa = PBXFileReference; lastKnownFileType = wrapper.framework; name = CoreLocation.framework; path = System/Library/Frameworks/CoreLocation.framework; sourceTree = SDKROOT; };
		1FD390561BD56BC400F9D604 /* VenueMapAnnotation.swift */ = {isa = PBXFileReference; fileEncoding = 4; lastKnownFileType = sourcecode.swift; name = VenueMapAnnotation.swift; path = "View Controllers/Custom Views/VenueMapAnnotation.swift"; sourceTree = "<group>"; };
		1FD498A01B176C1600460D52 /* RootViewController.swift */ = {isa = PBXFileReference; fileEncoding = 4; lastKnownFileType = sourcecode.swift; name = RootViewController.swift; path = "View Controllers/RootViewController.swift"; sourceTree = "<group>"; };
		1FD498A41B17741300460D52 /* DataModel.xcdatamodel */ = {isa = PBXFileReference; lastKnownFileType = wrapper.xcdatamodel; path = DataModel.xcdatamodel; sourceTree = "<group>"; };
		1FD6D7D41BD67FE1001D8AEF /* PKHUD */ = {isa = PBXFileReference; lastKnownFileType = folder; name = PKHUD; path = External/PKHUD; sourceTree = "<group>"; };
/* End PBXFileReference section */

/* Begin PBXFrameworksBuildPhase section */
		1F3D01841B17613E00E9B59E /* Frameworks */ = {
			isa = PBXFrameworksBuildPhase;
			buildActionMask = 2147483647;
			files = (
				1FD2F7A41B4BFA3900BEC263 /* CoreLocation.framework in Frameworks */,
				1FB0849D1B29FCA800E6EE94 /* CoreData.framework in Frameworks */,
				1F447AF81B4C4A7500DD15B7 /* MapKit.framework in Frameworks */,
				1FB0849A1B29FB4A00E6EE94 /* Crashlytics.framework in Frameworks */,
				1FB0849B1B29FB4A00E6EE94 /* Fabric.framework in Frameworks */,
			);
			runOnlyForDeploymentPostprocessing = 0;
		};
		1F3D01991B17613E00E9B59E /* Frameworks */ = {
			isa = PBXFrameworksBuildPhase;
			buildActionMask = 2147483647;
			files = (
			);
			runOnlyForDeploymentPostprocessing = 0;
		};
/* End PBXFrameworksBuildPhase section */

/* Begin PBXGroup section */
		1F3D017E1B17613E00E9B59E = {
			isa = PBXGroup;
			children = (
				1F3D01891B17613E00E9B59E /* Eateries */,
				1F3D01881B17613E00E9B59E /* Products */,
			);
			sourceTree = "<group>";
		};
		1F3D01881B17613E00E9B59E /* Products */ = {
			isa = PBXGroup;
			children = (
				1F3D01871B17613E00E9B59E /* Eateries.app */,
				1F3D019C1B17613E00E9B59E /* EateriesTests.xctest */,
			);
			name = Products;
			sourceTree = "<group>";
		};
		1F3D01891B17613E00E9B59E /* Eateries */ = {
			isa = PBXGroup;
			children = (
				1FD6D7D31BD67FD0001D8AEF /* External */,
				1F447AF41B4C18B000DD15B7 /* Location */,
				1FB084A01B2A04AC00E6EE94 /* API */,
				1FB084971B29FAEB00E6EE94 /* Frameworks */,
				1FD498A21B1773EC00460D52 /* Data Model */,
				1FD4989F1B176BF600460D52 /* UI */,
				1FD4989E1B176BED00460D52 /* View Controllers */,
				1F3D018C1B17613E00E9B59E /* AppDelegate.swift */,
				1F3D018A1B17613E00E9B59E /* Supporting Files */,
			);
			path = Eateries;
			sourceTree = "<group>";
		};
		1F3D018A1B17613E00E9B59E /* Supporting Files */ = {
			isa = PBXGroup;
			children = (
				1F3D018B1B17613E00E9B59E /* Info.plist */,
			);
			name = "Supporting Files";
			sourceTree = "<group>";
		};
		1F447AF41B4C18B000DD15B7 /* Location */ = {
			isa = PBXGroup;
			children = (
				1F447AF51B4C195500DD15B7 /* LocationManager.swift */,
			);
			name = Location;
			sourceTree = "<group>";
		};
		1FB084971B29FAEB00E6EE94 /* Frameworks */ = {
			isa = PBXGroup;
			children = (
				1F447AF71B4C4A7500DD15B7 /* MapKit.framework */,
				1FD2F7A31B4BFA3900BEC263 /* CoreLocation.framework */,
				1FB0849C1B29FCA800E6EE94 /* CoreData.framework */,
				1FB084981B29FB4A00E6EE94 /* Crashlytics.framework */,
				1FB084991B29FB4A00E6EE94 /* Fabric.framework */,
			);
			name = Frameworks;
			path = ..;
			sourceTree = "<group>";
		};
		1FB084A01B2A04AC00E6EE94 /* API */ = {
			isa = PBXGroup;
			children = (
				1FB084A11B2A04E300E6EE94 /* VenueSearchAPI.swift */,
			);
			name = API;
			sourceTree = "<group>";
		};
		1FB084A31B2A358A00E6EE94 /* Custom Views */ = {
			isa = PBXGroup;
			children = (
				1FD3904F1BD55E7200F9D604 /* Map Annotations */,
				1FB084A61B2A35C800E6EE94 /* Cells */,
			);
			name = "Custom Views";
			sourceTree = "<group>";
		};
		1FB084A61B2A35C800E6EE94 /* Cells */ = {
			isa = PBXGroup;
			children = (
				1FB084A71B2A35FA00E6EE94 /* IconCollectionViewCell.swift */,
				1F5FC1681B2CA5260055D7C1 /* VenueCell.swift */,
				1F447B031B4CA0DA00DD15B7 /* VenueDetailCell.swift */,
				1F1EFFC81BD5399000D69B0A /* CollectionTableViewCell.swift */,
			);
			name = Cells;
			sourceTree = "<group>";
		};
		1FD2F79E1B4B01D400BEC263 /* Non-CoreData Objects */ = {
			isa = PBXGroup;
			children = (
				1FD2F79F1B4B063D00BEC263 /* FSVenue.swift */,
			);
			name = "Non-CoreData Objects";
			sourceTree = "<group>";
		};
		1FD3904F1BD55E7200F9D604 /* Map Annotations */ = {
			isa = PBXGroup;
			children = (
				1FD390561BD56BC400F9D604 /* VenueMapAnnotation.swift */,
			);
			name = "Map Annotations";
			sourceTree = "<group>";
		};
		1FD4989E1B176BED00460D52 /* View Controllers */ = {
			isa = PBXGroup;
			children = (
				1FB084A31B2A358A00E6EE94 /* Custom Views */,
				1FD498A01B176C1600460D52 /* RootViewController.swift */,
				1FB0849E1B29FDB700E6EE94 /* NewVenueCollectionViewController.swift */,
				1F5FC1641B2CA0070055D7C1 /* VenueCollectionViewController.swift */,
				1F5FC1661B2CA3220055D7C1 /* AddVenueViewController.swift */,
				1FD2F7A11B4B1E9600BEC263 /* VenueViewController.swift */,
				1F1EFFCA1BD559BB00D69B0A /* NearbyViewController.swift */,
			);
			name = "View Controllers";
			sourceTree = "<group>";
		};
		1FD4989F1B176BF600460D52 /* UI */ = {
			isa = PBXGroup;
			children = (
				1F3D01901B17613E00E9B59E /* Main.storyboard */,
				1F3D01931B17613E00E9B59E /* Images.xcassets */,
				1F3D01951B17613E00E9B59E /* LaunchScreen.xib */,
			);
			name = UI;
			sourceTree = "<group>";
		};
		1FD498A21B1773EC00460D52 /* Data Model */ = {
			isa = PBXGroup;
			children = (
				1F1EFFC21BD52F2600D69B0A /* VenueAddress+CoreDataProperties.swift */,
				1F1EFFC31BD52F2600D69B0A /* Venue+CoreDataProperties.swift */,
				1F1EFFC41BD52F2600D69B0A /* VenueCollection+CoreDataProperties.swift */,
				1FD2F79E1B4B01D400BEC263 /* Non-CoreData Objects */,
				1FD498A31B17741300460D52 /* DataModel.xcdatamodeld */,
				1FD2F7601B44177900BEC263 /* PersistenceController.swift */,
			);
			name = "Data Model";
			sourceTree = "<group>";
		};
		1FD6D7D31BD67FD0001D8AEF /* External */ = {
			isa = PBXGroup;
			children = (
				1FD6D7D41BD67FE1001D8AEF /* PKHUD */,
			);
			name = External;
			sourceTree = "<group>";
		};
/* End PBXGroup section */

/* Begin PBXNativeTarget section */
		1F3D01861B17613E00E9B59E /* Eateries */ = {
			isa = PBXNativeTarget;
			buildConfigurationList = 1F3D01A61B17613E00E9B59E /* Build configuration list for PBXNativeTarget "Eateries" */;
			buildPhases = (
				1F3D01831B17613E00E9B59E /* Sources */,
				1F3D01841B17613E00E9B59E /* Frameworks */,
				1F3D01851B17613E00E9B59E /* Resources */,
				1FB084921B29BC7600E6EE94 /* ShellScript */,
			);
			buildRules = (
			);
			dependencies = (
			);
			name = Eateries;
			productName = Eateries;
			productReference = 1F3D01871B17613E00E9B59E /* Eateries.app */;
			productType = "com.apple.product-type.application";
		};
		1F3D019B1B17613E00E9B59E /* EateriesTests */ = {
			isa = PBXNativeTarget;
			buildConfigurationList = 1F3D01A91B17613E00E9B59E /* Build configuration list for PBXNativeTarget "EateriesTests" */;
			buildPhases = (
				1F3D01981B17613E00E9B59E /* Sources */,
				1F3D01991B17613E00E9B59E /* Frameworks */,
				1F3D019A1B17613E00E9B59E /* Resources */,
			);
			buildRules = (
			);
			dependencies = (
				1F3D019E1B17613E00E9B59E /* PBXTargetDependency */,
			);
			name = EateriesTests;
			productName = EateriesTests;
			productReference = 1F3D019C1B17613E00E9B59E /* EateriesTests.xctest */;
			productType = "com.apple.product-type.bundle.unit-test";
		};
/* End PBXNativeTarget section */

/* Begin PBXProject section */
		1F3D017F1B17613E00E9B59E /* Project object */ = {
			isa = PBXProject;
			attributes = {
				LastSwiftMigration = 0700;
				LastSwiftUpdateCheck = 0700;
				LastUpgradeCheck = 0700;
				ORGANIZATIONNAME = "Kasey Schindler";
				TargetAttributes = {
					1F3D01861B17613E00E9B59E = {
						CreatedOnToolsVersion = 6.3.2;
						DevelopmentTeam = G9EHQST8C5;
						SystemCapabilities = {
							com.apple.Maps.iOS = {
								enabled = 1;
							};
						};
					};
					1F3D019B1B17613E00E9B59E = {
						CreatedOnToolsVersion = 6.3.2;
						TestTargetID = 1F3D01861B17613E00E9B59E;
					};
				};
			};
			buildConfigurationList = 1F3D01821B17613E00E9B59E /* Build configuration list for PBXProject "Eateries" */;
			compatibilityVersion = "Xcode 3.2";
			developmentRegion = English;
			hasScannedForEncodings = 0;
			knownRegions = (
				en,
				Base,
			);
			mainGroup = 1F3D017E1B17613E00E9B59E;
			productRefGroup = 1F3D01881B17613E00E9B59E /* Products */;
			projectDirPath = "";
			projectRoot = "";
			targets = (
				1F3D01861B17613E00E9B59E /* Eateries */,
				1F3D019B1B17613E00E9B59E /* EateriesTests */,
			);
		};
/* End PBXProject section */

/* Begin PBXResourcesBuildPhase section */
		1F3D01851B17613E00E9B59E /* Resources */ = {
			isa = PBXResourcesBuildPhase;
			buildActionMask = 2147483647;
			files = (
				1F3D01921B17613E00E9B59E /* Main.storyboard in Resources */,
				1FD6D7D51BD67FE1001D8AEF /* PKHUD in Resources */,
				1F3D01971B17613E00E9B59E /* LaunchScreen.xib in Resources */,
				1F3D01941B17613E00E9B59E /* Images.xcassets in Resources */,
			);
			runOnlyForDeploymentPostprocessing = 0;
		};
		1F3D019A1B17613E00E9B59E /* Resources */ = {
			isa = PBXResourcesBuildPhase;
			buildActionMask = 2147483647;
			files = (
			);
			runOnlyForDeploymentPostprocessing = 0;
		};
/* End PBXResourcesBuildPhase section */

/* Begin PBXShellScriptBuildPhase section */
		1FB084921B29BC7600E6EE94 /* ShellScript */ = {
			isa = PBXShellScriptBuildPhase;
			buildActionMask = 2147483647;
			files = (
			);
			inputPaths = (
			);
			outputPaths = (
			);
			runOnlyForDeploymentPostprocessing = 0;
			shellPath = /bin/sh;
			shellScript = "./Eateries/Frameworks/Fabric.framework/run 8698af90b73a76a943d98ce9f36de260bbe62b2d 910258a7977a32d65e8d0ddd45b15e762df1ee4cf00a18427ad6b3a028a737ad";
			showEnvVarsInLog = 0;
		};
/* End PBXShellScriptBuildPhase section */

/* Begin PBXSourcesBuildPhase section */
		1F3D01831B17613E00E9B59E /* Sources */ = {
			isa = PBXSourcesBuildPhase;
			buildActionMask = 2147483647;
			files = (
				1FD6D7D71BD680F6001D8AEF /* PKHUD in Sources */,
				1F5FC1651B2CA0070055D7C1 /* VenueCollectionViewController.swift in Sources */,
				1FD498A51B17741300460D52 /* DataModel.xcdatamodeld in Sources */,
				1F5FC1671B2CA3220055D7C1 /* AddVenueViewController.swift in Sources */,
				1F447AF61B4C195500DD15B7 /* LocationManager.swift in Sources */,
				1F5FC1691B2CA5260055D7C1 /* VenueCell.swift in Sources */,
				1FD2F7A21B4B1E9600BEC263 /* VenueViewController.swift in Sources */,
				1F1EFFC61BD52F2600D69B0A /* Venue+CoreDataProperties.swift in Sources */,
				1FD390571BD56BC400F9D604 /* VenueMapAnnotation.swift in Sources */,
				1F1EFFC91BD5399000D69B0A /* CollectionTableViewCell.swift in Sources */,
				1FB0849F1B29FDB700E6EE94 /* NewVenueCollectionViewController.swift in Sources */,
				1FD498A11B176C1600460D52 /* RootViewController.swift in Sources */,
				1F1EFFCB1BD559BB00D69B0A /* NearbyViewController.swift in Sources */,
				1F1EFFC51BD52F2600D69B0A /* VenueAddress+CoreDataProperties.swift in Sources */,
				1F447B041B4CA0DA00DD15B7 /* VenueDetailCell.swift in Sources */,
				1FD2F7A01B4B063D00BEC263 /* FSVenue.swift in Sources */,
				1F3D018D1B17613E00E9B59E /* AppDelegate.swift in Sources */,
				1FB084A21B2A04E300E6EE94 /* VenueSearchAPI.swift in Sources */,
				1F1EFFC71BD52F2600D69B0A /* VenueCollection+CoreDataProperties.swift in Sources */,
				1FB084A81B2A35FA00E6EE94 /* IconCollectionViewCell.swift in Sources */,
				1FD2F7611B44177900BEC263 /* PersistenceController.swift in Sources */,
			);
			runOnlyForDeploymentPostprocessing = 0;
		};
		1F3D01981B17613E00E9B59E /* Sources */ = {
			isa = PBXSourcesBuildPhase;
			buildActionMask = 2147483647;
			files = (
			);
			runOnlyForDeploymentPostprocessing = 0;
		};
/* End PBXSourcesBuildPhase section */

/* Begin PBXTargetDependency section */
		1F3D019E1B17613E00E9B59E /* PBXTargetDependency */ = {
			isa = PBXTargetDependency;
			target = 1F3D01861B17613E00E9B59E /* Eateries */;
			targetProxy = 1F3D019D1B17613E00E9B59E /* PBXContainerItemProxy */;
		};
/* End PBXTargetDependency section */

/* Begin PBXVariantGroup section */
		1F3D01901B17613E00E9B59E /* Main.storyboard */ = {
			isa = PBXVariantGroup;
			children = (
				1F3D01911B17613E00E9B59E /* Base */,
			);
			name = Main.storyboard;
			sourceTree = "<group>";
		};
		1F3D01951B17613E00E9B59E /* LaunchScreen.xib */ = {
			isa = PBXVariantGroup;
			children = (
				1F3D01961B17613E00E9B59E /* Base */,
			);
			name = LaunchScreen.xib;
			sourceTree = "<group>";
		};
/* End PBXVariantGroup section */

/* Begin XCBuildConfiguration section */
		1F3D01A41B17613E00E9B59E /* Debug */ = {
			isa = XCBuildConfiguration;
			buildSettings = {
				ALWAYS_SEARCH_USER_PATHS = NO;
				CLANG_CXX_LANGUAGE_STANDARD = "gnu++0x";
				CLANG_CXX_LIBRARY = "libc++";
				CLANG_ENABLE_MODULES = YES;
				CLANG_ENABLE_OBJC_ARC = YES;
				CLANG_WARN_BOOL_CONVERSION = YES;
				CLANG_WARN_CONSTANT_CONVERSION = YES;
				CLANG_WARN_DIRECT_OBJC_ISA_USAGE = YES_ERROR;
				CLANG_WARN_EMPTY_BODY = YES;
				CLANG_WARN_ENUM_CONVERSION = YES;
				CLANG_WARN_INT_CONVERSION = YES;
				CLANG_WARN_OBJC_ROOT_CLASS = YES_ERROR;
				CLANG_WARN_UNREACHABLE_CODE = YES;
				CLANG_WARN__DUPLICATE_METHOD_MATCH = YES;
				"CODE_SIGN_IDENTITY[sdk=iphoneos*]" = "iPhone Developer";
				COPY_PHASE_STRIP = NO;
				DEBUG_INFORMATION_FORMAT = "dwarf-with-dsym";
				ENABLE_BITCODE = YES;
				ENABLE_STRICT_OBJC_MSGSEND = YES;
				ENABLE_TESTABILITY = YES;
				GCC_C_LANGUAGE_STANDARD = gnu99;
				GCC_DYNAMIC_NO_PIC = NO;
				GCC_NO_COMMON_BLOCKS = YES;
				GCC_OPTIMIZATION_LEVEL = 0;
				GCC_PREPROCESSOR_DEFINITIONS = (
					"DEBUG=1",
					"$(inherited)",
				);
				GCC_SYMBOLS_PRIVATE_EXTERN = NO;
				GCC_WARN_64_TO_32_BIT_CONVERSION = YES;
				GCC_WARN_ABOUT_RETURN_TYPE = YES_ERROR;
				GCC_WARN_UNDECLARED_SELECTOR = YES;
				GCC_WARN_UNINITIALIZED_AUTOS = YES_AGGRESSIVE;
				GCC_WARN_UNUSED_FUNCTION = YES;
				GCC_WARN_UNUSED_VARIABLE = YES;
				IPHONEOS_DEPLOYMENT_TARGET = 9.0;
				MTL_ENABLE_DEBUG_INFO = YES;
				ONLY_ACTIVE_ARCH = YES;
				SDKROOT = iphoneos;
				SWIFT_OPTIMIZATION_LEVEL = "-Onone";
				TARGETED_DEVICE_FAMILY = "1,2";
			};
			name = Debug;
		};
		1F3D01A51B17613E00E9B59E /* Release */ = {
			isa = XCBuildConfiguration;
			buildSettings = {
				ALWAYS_SEARCH_USER_PATHS = NO;
				CLANG_CXX_LANGUAGE_STANDARD = "gnu++0x";
				CLANG_CXX_LIBRARY = "libc++";
				CLANG_ENABLE_MODULES = YES;
				CLANG_ENABLE_OBJC_ARC = YES;
				CLANG_WARN_BOOL_CONVERSION = YES;
				CLANG_WARN_CONSTANT_CONVERSION = YES;
				CLANG_WARN_DIRECT_OBJC_ISA_USAGE = YES_ERROR;
				CLANG_WARN_EMPTY_BODY = YES;
				CLANG_WARN_ENUM_CONVERSION = YES;
				CLANG_WARN_INT_CONVERSION = YES;
				CLANG_WARN_OBJC_ROOT_CLASS = YES_ERROR;
				CLANG_WARN_UNREACHABLE_CODE = YES;
				CLANG_WARN__DUPLICATE_METHOD_MATCH = YES;
				"CODE_SIGN_IDENTITY[sdk=iphoneos*]" = "iPhone Developer";
				COPY_PHASE_STRIP = NO;
				DEBUG_INFORMATION_FORMAT = "dwarf-with-dsym";
				ENABLE_BITCODE = YES;
				ENABLE_NS_ASSERTIONS = NO;
				ENABLE_STRICT_OBJC_MSGSEND = YES;
				GCC_C_LANGUAGE_STANDARD = gnu99;
				GCC_NO_COMMON_BLOCKS = YES;
				GCC_WARN_64_TO_32_BIT_CONVERSION = YES;
				GCC_WARN_ABOUT_RETURN_TYPE = YES_ERROR;
				GCC_WARN_UNDECLARED_SELECTOR = YES;
				GCC_WARN_UNINITIALIZED_AUTOS = YES_AGGRESSIVE;
				GCC_WARN_UNUSED_FUNCTION = YES;
				GCC_WARN_UNUSED_VARIABLE = YES;
				IPHONEOS_DEPLOYMENT_TARGET = 9.0;
				MTL_ENABLE_DEBUG_INFO = NO;
				SDKROOT = iphoneos;
				TARGETED_DEVICE_FAMILY = "1,2";
				VALIDATE_PRODUCT = YES;
			};
			name = Release;
		};
		1F3D01A71B17613E00E9B59E /* Debug */ = {
			isa = XCBuildConfiguration;
			buildSettings = {
				ASSETCATALOG_COMPILER_APPICON_NAME = AppIcon;
				CODE_SIGN_IDENTITY = "iPhone Developer";
				FRAMEWORK_SEARCH_PATHS = (
					"$(inherited)",
					"$(PROJECT_DIR)",
					"$(PROJECT_DIR)/Eateries/Frameworks",
				);
				INFOPLIST_FILE = Eateries/Info.plist;
				IPHONEOS_DEPLOYMENT_TARGET = 9.0;
				LD_RUNPATH_SEARCH_PATHS = "$(inherited) @executable_path/Frameworks";
				PRODUCT_BUNDLE_IDENTIFIER = "com.kaseyschindler.$(PRODUCT_NAME:rfc1034identifier)";
				PRODUCT_NAME = "$(TARGET_NAME)";
				TARGETED_DEVICE_FAMILY = 1;
			};
			name = Debug;
		};
		1F3D01A81B17613E00E9B59E /* Release */ = {
			isa = XCBuildConfiguration;
			buildSettings = {
				ASSETCATALOG_COMPILER_APPICON_NAME = AppIcon;
				CODE_SIGN_IDENTITY = "iPhone Developer";
				FRAMEWORK_SEARCH_PATHS = (
					"$(inherited)",
					"$(PROJECT_DIR)",
					"$(PROJECT_DIR)/Eateries/Frameworks",
				);
				INFOPLIST_FILE = Eateries/Info.plist;
				IPHONEOS_DEPLOYMENT_TARGET = 9.0;
				LD_RUNPATH_SEARCH_PATHS = "$(inherited) @executable_path/Frameworks";
				PRODUCT_BUNDLE_IDENTIFIER = "com.kaseyschindler.$(PRODUCT_NAME:rfc1034identifier)";
				PRODUCT_NAME = "$(TARGET_NAME)";
				TARGETED_DEVICE_FAMILY = 1;
			};
			name = Release;
		};
		1F3D01AA1B17613E00E9B59E /* Debug */ = {
			isa = XCBuildConfiguration;
			buildSettings = {
				BUNDLE_LOADER = "$(TEST_HOST)";
				FRAMEWORK_SEARCH_PATHS = (
					"$(SDKROOT)/Developer/Library/Frameworks",
					"$(inherited)",
				);
				GCC_PREPROCESSOR_DEFINITIONS = (
					"DEBUG=1",
					"$(inherited)",
				);
				INFOPLIST_FILE = EateriesTests/Info.plist;
				LD_RUNPATH_SEARCH_PATHS = "$(inherited) @executable_path/Frameworks @loader_path/Frameworks";
				PRODUCT_NAME = "$(TARGET_NAME)";
				TEST_HOST = "$(BUILT_PRODUCTS_DIR)/Eateries.app/Eateries";
			};
			name = Debug;
		};
		1F3D01AB1B17613E00E9B59E /* Release */ = {
			isa = XCBuildConfiguration;
			buildSettings = {
				BUNDLE_LOADER = "$(TEST_HOST)";
				FRAMEWORK_SEARCH_PATHS = (
					"$(SDKROOT)/Developer/Library/Frameworks",
					"$(inherited)",
				);
				INFOPLIST_FILE = EateriesTests/Info.plist;
				LD_RUNPATH_SEARCH_PATHS = "$(inherited) @executable_path/Frameworks @loader_path/Frameworks";
				PRODUCT_NAME = "$(TARGET_NAME)";
				TEST_HOST = "$(BUILT_PRODUCTS_DIR)/Eateries.app/Eateries";
			};
			name = Release;
		};
/* End XCBuildConfiguration section */

/* Begin XCConfigurationList section */
		1F3D01821B17613E00E9B59E /* Build configuration list for PBXProject "Eateries" */ = {
			isa = XCConfigurationList;
			buildConfigurations = (
				1F3D01A41B17613E00E9B59E /* Debug */,
				1F3D01A51B17613E00E9B59E /* Release */,
			);
			defaultConfigurationIsVisible = 0;
			defaultConfigurationName = Release;
		};
		1F3D01A61B17613E00E9B59E /* Build configuration list for PBXNativeTarget "Eateries" */ = {
			isa = XCConfigurationList;
			buildConfigurations = (
				1F3D01A71B17613E00E9B59E /* Debug */,
				1F3D01A81B17613E00E9B59E /* Release */,
			);
			defaultConfigurationIsVisible = 0;
			defaultConfigurationName = Release;
		};
		1F3D01A91B17613E00E9B59E /* Build configuration list for PBXNativeTarget "EateriesTests" */ = {
			isa = XCConfigurationList;
			buildConfigurations = (
				1F3D01AA1B17613E00E9B59E /* Debug */,
				1F3D01AB1B17613E00E9B59E /* Release */,
			);
			defaultConfigurationIsVisible = 0;
			defaultConfigurationName = Release;
		};
/* End XCConfigurationList section */

/* Begin XCVersionGroup section */
		1FD498A31B17741300460D52 /* DataModel.xcdatamodeld */ = {
			isa = XCVersionGroup;
			children = (
				1FD498A41B17741300460D52 /* DataModel.xcdatamodel */,
			);
			currentVersion = 1FD498A41B17741300460D52 /* DataModel.xcdatamodel */;
			name = DataModel.xcdatamodeld;
			path = "Data Model/DataModel.xcdatamodeld";
			sourceTree = "<group>";
			versionGroupType = wrapper.xcdatamodel;
		};
/* End XCVersionGroup section */
	};
	rootObject = 1F3D017F1B17613E00E9B59E /* Project object */;
}
